// !$*UTF8*$!
{
	archiveVersion = 1;
	classes = {
	};
	objectVersion = 46;
	objects = {

/* Begin PBXBuildFile section */
		F6FE0B1D1D5851140082BC29 /* AppDelegate.swift in Sources */ = {isa = PBXBuildFile; fileRef = F6FE0B1C1D5851140082BC29 /* AppDelegate.swift */; };
		F6FE0B1F1D5851140082BC29 /* ViewController.swift in Sources */ = {isa = PBXBuildFile; fileRef = F6FE0B1E1D5851140082BC29 /* ViewController.swift */; };
		F6FE0B221D5851140082BC29 /* Main.storyboard in Resources */ = {isa = PBXBuildFile; fileRef = F6FE0B201D5851140082BC29 /* Main.storyboard */; };
		F6FE0B241D5851140082BC29 /* Assets.xcassets in Resources */ = {isa = PBXBuildFile; fileRef = F6FE0B231D5851140082BC29 /* Assets.xcassets */; };
		F6FE0B271D5851140082BC29 /* LaunchScreen.storyboard in Resources */ = {isa = PBXBuildFile; fileRef = F6FE0B251D5851140082BC29 /* LaunchScreen.storyboard */; };
/* End PBXBuildFile section */

/* Begin PBXFileReference section */
		F6FE0B191D5851140082BC29 /* EqualWidthButton.app */ = {isa = PBXFileReference; explicitFileType = wrapper.application; includeInIndex = 0; path = EqualWidthButton.app; sourceTree = BUILT_PRODUCTS_DIR; };
		F6FE0B1C1D5851140082BC29 /* AppDelegate.swift */ = {isa = PBXFileReference; lastKnownFileType = sourcecode.swift; path = AppDelegate.swift; sourceTree = "<group>"; };
		F6FE0B1E1D5851140082BC29 /* ViewController.swift */ = {isa = PBXFileReference; lastKnownFileType = sourcecode.swift; path = ViewController.swift; sourceTree = "<group>"; };
		F6FE0B211D5851140082BC29 /* Base */ = {isa = PBXFileReference; lastKnownFileType = file.storyboard; name = Base; path = Base.lproj/Main.storyboard; sourceTree = "<group>"; };
		F6FE0B231D5851140082BC29 /* Assets.xcassets */ = {isa = PBXFileReference; lastKnownFileType = folder.assetcatalog; path = Assets.xcassets; sourceTree = "<group>"; };
		F6FE0B261D5851140082BC29 /* Base */ = {isa = PBXFileReference; lastKnownFileType = file.storyboard; name = Base; path = Base.lproj/LaunchScreen.storyboard; sourceTree = "<group>"; };
		F6FE0B281D5851140082BC29 /* Info.plist */ = {isa = PBXFileReference; lastKnownFileType = text.plist.xml; path = Info.plist; sourceTree = "<group>"; };
/* End PBXFileReference section */

/* Begin PBXFrameworksBuildPhase section */
		F6FE0B161D5851140082BC29 /* Frameworks */ = {
			isa = PBXFrameworksBuildPhase;
			buildActionMask = 2147483647;
			files = (
			);
			runOnlyForDeploymentPostprocessing = 0;
		};
/* End PBXFrameworksBuildPhase section */

/* Begin PBXGroup section */
		F6FE0B101D5851140082BC29 = {
			isa = PBXGroup;
			children = (
				F6FE0B1B1D5851140082BC29 /* EqualWidthButton */,
				F6FE0B1A1D5851140082BC29 /* Products */,
			);
			sourceTree = "<group>";
		};
		F6FE0B1A1D5851140082BC29 /* Products */ = {
			isa = PBXGroup;
			children = (
				F6FE0B191D5851140082BC29 /* EqualWidthButton.app */,
			);
			name = Products;
			sourceTree = "<group>";
		};
		F6FE0B1B1D5851140082BC29 /* EqualWidthButton */ = {
			isa = PBXGroup;
			children = (
				F6FE0B1C1D5851140082BC29 /* AppDelegate.swift */,
				F6FE0B1E1D5851140082BC29 /* ViewController.swift */,
				F6FE0B201D5851140082BC29 /* Main.storyboard */,
				F6FE0B231D5851140082BC29 /* Assets.xcassets */,
				F6FE0B251D5851140082BC29 /* LaunchScreen.storyboard */,
				F6FE0B281D5851140082BC29 /* Info.plist */,
			);
			path = EqualWidthButton;
			sourceTree = "<group>";
		};
/* End PBXGroup section */

/* Begin PBXNativeTarget section */
		F6FE0B181D5851140082BC29 /* EqualWidthButton */ = {
			isa = PBXNativeTarget;
			buildConfigurationList = F6FE0B2B1D5851140082BC29 /* Build configuration list for PBXNativeTarget "EqualWidthButton" */;
			buildPhases = (
				F6FE0B151D5851140082BC29 /* Sources */,
				F6FE0B161D5851140082BC29 /* Frameworks */,
				F6FE0B171D5851140082BC29 /* Resources */,
			);
			buildRules = (
			);
			dependencies = (
			);
			name = EqualWidthButton;
			productName = EqualWidthButton;
			productReference = F6FE0B191D5851140082BC29 /* EqualWidthButton.app */;
			productType = "com.apple.product-type.application";
		};
/* End PBXNativeTarget section */

/* Begin PBXProject section */
		F6FE0B111D5851140082BC29 /* Project object */ = {
			isa = PBXProject;
			attributes = {
				LastSwiftUpdateCheck = 0730;
				LastUpgradeCheck = 0730;
				ORGANIZATIONNAME = EgeTart;
				TargetAttributes = {
					F6FE0B181D5851140082BC29 = {
						CreatedOnToolsVersion = 7.3;
					};
				};
			};
			buildConfigurationList = F6FE0B141D5851140082BC29 /* Build configuration list for PBXProject "EqualWidthButton" */;
			compatibilityVersion = "Xcode 3.2";
			developmentRegion = English;
			hasScannedForEncodings = 0;
			knownRegions = (
				en,
				Base,
			);
			mainGroup = F6FE0B101D5851140082BC29;
			productRefGroup = F6FE0B1A1D5851140082BC29 /* Products */;
			projectDirPath = "";
			projectRoot = "";
			targets = (
				F6FE0B181D5851140082BC29 /* EqualWidthButton */,
			);
		};
/* End PBXProject section */

/* Begin PBXResourcesBuildPhase section */
		F6FE0B171D5851140082BC29 /* Resources */ = {
			isa = PBXResourcesBuildPhase;
			buildActionMask = 2147483647;
			files = (
				F6FE0B271D5851140082BC29 /* LaunchScreen.storyboard in Resources */,
				F6FE0B241D5851140082BC29 /* Assets.xcassets in Resources */,
				F6FE0B221D5851140082BC29 /* Main.storyboard in Resources */,
			);
			runOnlyForDeploymentPostprocessing = 0;
		};
/* End PBXResourcesBuildPhase section */

/* Begin PBXSourcesBuildPhase section */
		F6FE0B151D5851140082BC29 /* Sources */ = {
			isa = PBXSourcesBuildPhase;
			buildActionMask = 2147483647;
			files = (
				F6FE0B1F1D5851140082BC29 /* ViewController.swift in Sources */,
				F6FE0B1D1D5851140082BC29 /* AppDelegate.swift in Sources */,
			);
			runOnlyForDeploymentPostprocessing = 0;
		};
/* End PBXSourcesBuildPhase section */

/* Begin PBXVariantGroup section */
		F6FE0B201D5851140082BC29 /* Main.storyboard */ = {
			isa = PBXVariantGroup;
			children = (
				F6FE0B211D5851140082BC29 /* Base */,
			);
			name = Main.storyboard;
			sourceTree = "<group>";
		};
		F6FE0B251D5851140082BC29 /* LaunchScreen.storyboard */ = {
			isa = PBXVariantGroup;
			children = (
				F6FE0B261D5851140082BC29 /* Base */,
			);
			name = LaunchScreen.storyboard;
			sourceTree = "<group>";
		};
/* End PBXVariantGroup section */

/* Begin XCBuildConfiguration section */
		F6FE0B291D5851140082BC29 /* Debug */ = {
			isa = XCBuildConfiguration;
			buildSettings = {
				ALWAYS_SEARCH_USER_PATHS = NO;
				CLANG_ANALYZER_NONNULL = YES;
				CLANG_CXX_LANGUAGE_STANDARD = "gnu++0x";
				CLANG_CXX_LIBRARY = "libc++";
				CLANG_ENABLE_MODULES = YES;
				CLANG_ENABLE_OBJC_ARC = YES;
				CLANG_WARN_BOOL_CONVERSION = YES;
				CLANG_WARN_CONSTANT_CONVERSION = YES;
				CLANG_WARN_DIRECT_OBJC_ISA_USAGE = YES_ERROR;
				CLANG_WARN_EMPTY_BODY = YES;
				CLANG_WARN_ENUM_CONVERSION = YES;
				CLANG_WARN_INT_CONVERSION = YES;
				CLANG_WARN_OBJC_ROOT_CLASS = YES_ERROR;
				CLANG_WARN_UNREACHABLE_CODE = YES;
				CLANG_WARN__DUPLICATE_METHOD_MATCH = YES;
				"CODE_SIGN_IDENTITY[sdk=iphoneos*]" = "iPhone Developer";
				COPY_PHASE_STRIP = NO;
				DEBUG_INFORMATION_FORMAT = dwarf;
				ENABLE_STRICT_OBJC_MSGSEND = YES;
				ENABLE_TESTABILITY = YES;
				GCC_C_LANGUAGE_STANDARD = gnu99;
				GCC_DYNAMIC_NO_PIC = NO;
				GCC_NO_COMMON_BLOCKS = YES;
				GCC_OPTIMIZATION_LEVEL = 0;
				GCC_PREPROCESSOR_DEFINITIONS = (
					"DEBUG=1",
					"$(inherited)",
				);
				GCC_WARN_64_TO_32_BIT_CONVERSION = YES;
				GCC_WARN_ABOUT_RETURN_TYPE = YES_ERROR;
				GCC_WARN_UNDECLARED_SELECTOR = YES;
				GCC_WARN_UNINITIALIZED_AUTOS = YES_AGGRESSIVE;
				GCC_WARN_UNUSED_FUNCTION = YES;
				GCC_WARN_UNUSED_VARIABLE = YES;
				IPHONEOS_DEPLOYMENT_TARGET = 9.3;
				MTL_ENABLE_DEBUG_INFO = YES;
				ONLY_ACTIVE_ARCH = YES;
				SDKROOT = iphoneos;
				SWIFT_OPTIMIZATION_LEVEL = "-Onone";
			};
			name = Debug;
		};
		F6FE0B2A1D5851140082BC29 /* Release */ = {
			isa = XCBuildConfiguration;
			buildSettings = {
				ALWAYS_SEARCH_USER_PATHS = NO;
				CLANG_ANALYZER_NONNULL = YES;
				CLANG_CXX_LANGUAGE_STANDARD = "gnu++0x";
				CLANG_CXX_LIBRARY = "libc++";
				CLANG_ENABLE_MODULES = YES;
				CLANG_ENABLE_OBJC_ARC = YES;
				CLANG_WARN_BOOL_CONVERSION = YES;
				CLANG_WARN_CONSTANT_CONVERSION = YES;
				CLANG_WARN_DIRECT_OBJC_ISA_USAGE = YES_ERROR;
				CLANG_WARN_EMPTY_BODY = YES;
				CLANG_WARN_ENUM_CONVERSION = YES;
				CLANG_WARN_INT_CONVERSION = YES;
				CLANG_WARN_OBJC_ROOT_CLASS = YES_ERROR;
				CLANG_WARN_UNREACHABLE_CODE = YES;
				CLANG_WARN__DUPLICATE_METHOD_MATCH = YES;
				"CODE_SIGN_IDENTITY[sdk=iphoneos*]" = "iPhone Developer";
				COPY_PHASE_STRIP = NO;
				DEBUG_INFORMATION_FORMAT = "dwarf-with-dsym";
				ENABLE_NS_ASSERTIONS = NO;
				ENABLE_STRICT_OBJC_MSGSEND = YES;
				GCC_C_LANGUAGE_STANDARD = gnu99;
				GCC_NO_COMMON_BLOCKS = YES;
				GCC_WARN_64_TO_32_BIT_CONVERSION = YES;
				GCC_WARN_ABOUT_RETURN_TYPE = YES_ERROR;
				GCC_WARN_UNDECLARED_SELECTOR = YES;
				GCC_WARN_UNINITIALIZED_AUTOS = YES_AGGRESSIVE;
				GCC_WARN_UNUSED_FUNCTION = YES;
				GCC_WARN_UNUSED_VARIABLE = YES;
				IPHONEOS_DEPLOYMENT_TARGET = 9.3;
				MTL_ENABLE_DEBUG_INFO = NO;
				SDKROOT = iphoneos;
				VALIDATE_PRODUCT = YES;
			};
			name = Release;
		};
		F6FE0B2C1D5851140082BC29 /* Debug */ = {
			isa = XCBuildConfiguration;
			buildSettings = {
				ASSETCATALOG_COMPILER_APPICON_NAME = AppIcon;
				INFOPLIST_FILE = EqualWidthButton/Info.plist;
				LD_RUNPATH_SEARCH_PATHS = "$(inherited) @executable_path/Frameworks";
				PRODUCT_BUNDLE_IDENTIFIER = com.egetart.EqualWidthButton;
				PRODUCT_NAME = "$(TARGET_NAME)";
			};
			name = Debug;
		};
		F6FE0B2D1D5851140082BC29 /* Release */ = {
			isa = XCBuildConfiguration;
			buildSettings = {
				ASSETCATALOG_COMPILER_APPICON_NAME = AppIcon;
				INFOPLIST_FILE = EqualWidthButton/Info.plist;
				LD_RUNPATH_SEARCH_PATHS = "$(inherited) @executable_path/Frameworks";
				PRODUCT_BUNDLE_IDENTIFIER = com.egetart.EqualWidthButton;
				PRODUCT_NAME = "$(TARGET_NAME)";
			};
			name = Release;
		};
/* End XCBuildConfiguration section */

/* Begin XCConfigurationList section */
		F6FE0B141D5851140082BC29 /* Build configuration list for PBXProject "EqualWidthButton" */ = {
			isa = XCConfigurationList;
			buildConfigurations = (
				F6FE0B291D5851140082BC29 /* Debug */,
				F6FE0B2A1D5851140082BC29 /* Release */,
			);
			defaultConfigurationIsVisible = 0;
			defaultConfigurationName = Release;
		};
		F6FE0B2B1D5851140082BC29 /* Build configuration list for PBXNativeTarget "EqualWidthButton" */ = {
			isa = XCConfigurationList;
			buildConfigurations = (
				F6FE0B2C1D5851140082BC29 /* Debug */,
				F6FE0B2D1D5851140082BC29 /* Release */,
			);
			defaultConfigurationIsVisible = 0;
		};
/* End XCConfigurationList section */
	};
	rootObject = F6FE0B111D5851140082BC29 /* Project object */;
}
